
Microsoft Visual Studio Solution File, Format Version 12.00
# Visual Studio 15
VisualStudioVersion = 15.0.27130.2003
MinimumVisualStudioVersion = 10.0.40219.1
Project("{9A19103F-16F7-4668-BE54-9A1E7A4F7556}") = "DbMigrator", "src\DbMigrator\DbMigrator.csproj", "{04887EA1-A6ED-4A38-9331-9B122EB0B14C}"
EndProject
Project("{2150E333-8FDC-42A3-9474-1A3956D46DE8}") = "Tests", "Tests", "{D6406111-5B86-4F9C-9AA9-4C7D8BE717FB}"
EndProject
Project("{FAE04EC0-301F-11D3-BF4B-00C04F79EFBC}") = "DbMigrator.Tests", "test\DbMigrator.Tests\DbMigrator.Tests.csproj", "{9C1E6A94-0AE1-4CFB-83D4-93ACAA3AE1C6}"
EndProject
Project("{2150E333-8FDC-42A3-9474-1A3956D46DE8}") = "Solution Items", "Solution Items", "{E700A22F-EFAC-486D-A318-F8CCE306BB87}"
	ProjectSection(SolutionItems) = preProject
		appveyor.yml = appveyor.yml
		LICENSE = LICENSE
		README.md = README.md
	EndProjectSection
EndProject
Global
	GlobalSection(SolutionConfigurationPlatforms) = preSolution
		Debug|Any CPU = Debug|Any CPU
		Release|Any CPU = Release|Any CPU
	EndGlobalSection
	GlobalSection(ProjectConfigurationPlatforms) = postSolution
		{04887EA1-A6ED-4A38-9331-9B122EB0B14C}.Debug|Any CPU.ActiveCfg = Debug|Any CPU
		{04887EA1-A6ED-4A38-9331-9B122EB0B14C}.Debug|Any CPU.Build.0 = Debug|Any CPU
		{04887EA1-A6ED-4A38-9331-9B122EB0B14C}.Release|Any CPU.ActiveCfg = Release|Any CPU
		{04887EA1-A6ED-4A38-9331-9B122EB0B14C}.Release|Any CPU.Build.0 = Release|Any CPU
		{9C1E6A94-0AE1-4CFB-83D4-93ACAA3AE1C6}.Debug|Any CPU.ActiveCfg = Debug|Any CPU
		{9C1E6A94-0AE1-4CFB-83D4-93ACAA3AE1C6}.Debug|Any CPU.Build.0 = Debug|Any CPU
		{9C1E6A94-0AE1-4CFB-83D4-93ACAA3AE1C6}.Release|Any CPU.ActiveCfg = Release|Any CPU
		{9C1E6A94-0AE1-4CFB-83D4-93ACAA3AE1C6}.Release|Any CPU.Build.0 = Release|Any CPU
	EndGlobalSection
	GlobalSection(SolutionProperties) = preSolution
		HideSolutionNode = FALSE
	EndGlobalSection
	GlobalSection(NestedProjects) = preSolution
		{9C1E6A94-0AE1-4CFB-83D4-93ACAA3AE1C6} = {D6406111-5B86-4F9C-9AA9-4C7D8BE717FB}
	EndGlobalSection
	GlobalSection(ExtensibilityGlobals) = postSolution
		SolutionGuid = {511CCF5E-B0ED-443F-BF96-FD8943831C13}
	EndGlobalSection
EndGlobal
